// !$*UTF8*$!
{
	archiveVersion = 1;
	classes = {
	};
	objectVersion = 46;
	objects = {

/* Begin PBXBuildFile section */
		433C602B1E361575005363E9 /* AppDelegate.swift in Sources */ = {isa = PBXBuildFile; fileRef = 433C602A1E361575005363E9 /* AppDelegate.swift */; };
		433C602D1E361575005363E9 /* ViewController.swift in Sources */ = {isa = PBXBuildFile; fileRef = 433C602C1E361575005363E9 /* ViewController.swift */; };
		433C60301E361575005363E9 /* Main.storyboard in Resources */ = {isa = PBXBuildFile; fileRef = 433C602E1E361575005363E9 /* Main.storyboard */; };
		433C60321E361575005363E9 /* Assets.xcassets in Resources */ = {isa = PBXBuildFile; fileRef = 433C60311E361575005363E9 /* Assets.xcassets */; };
		433C60351E361575005363E9 /* LaunchScreen.storyboard in Resources */ = {isa = PBXBuildFile; fileRef = 433C60331E361575005363E9 /* LaunchScreen.storyboard */; };
/* End PBXBuildFile section */

/* Begin PBXFileReference section */
		433C60271E361575005363E9 /* WeatherUsingJSONAPI.app */ = {isa = PBXFileReference; explicitFileType = wrapper.application; includeInIndex = 0; path = WeatherUsingJSONAPI.app; sourceTree = BUILT_PRODUCTS_DIR; };
		433C602A1E361575005363E9 /* AppDelegate.swift */ = {isa = PBXFileReference; lastKnownFileType = sourcecode.swift; path = AppDelegate.swift; sourceTree = "<group>"; };
		433C602C1E361575005363E9 /* ViewController.swift */ = {isa = PBXFileReference; lastKnownFileType = sourcecode.swift; path = ViewController.swift; sourceTree = "<group>"; };
		433C602F1E361575005363E9 /* Base */ = {isa = PBXFileReference; lastKnownFileType = file.storyboard; name = Base; path = Base.lproj/Main.storyboard; sourceTree = "<group>"; };
		433C60311E361575005363E9 /* Assets.xcassets */ = {isa = PBXFileReference; lastKnownFileType = folder.assetcatalog; path = Assets.xcassets; sourceTree = "<group>"; };
		433C60341E361575005363E9 /* Base */ = {isa = PBXFileReference; lastKnownFileType = file.storyboard; name = Base; path = Base.lproj/LaunchScreen.storyboard; sourceTree = "<group>"; };
		433C60361E361575005363E9 /* Info.plist */ = {isa = PBXFileReference; lastKnownFileType = text.plist.xml; path = Info.plist; sourceTree = "<group>"; };
/* End PBXFileReference section */

/* Begin PBXFrameworksBuildPhase section */
		433C60241E361575005363E9 /* Frameworks */ = {
			isa = PBXFrameworksBuildPhase;
			buildActionMask = 2147483647;
			files = (
			);
			runOnlyForDeploymentPostprocessing = 0;
		};
/* End PBXFrameworksBuildPhase section */

/* Begin PBXGroup section */
		433C601E1E361575005363E9 = {
			isa = PBXGroup;
			children = (
				433C60291E361575005363E9 /* WeatherUsingJSONAPI */,
				433C60281E361575005363E9 /* Products */,
			);
			sourceTree = "<group>";
		};
		433C60281E361575005363E9 /* Products */ = {
			isa = PBXGroup;
			children = (
				433C60271E361575005363E9 /* WeatherUsingJSONAPI.app */,
			);
			name = Products;
			sourceTree = "<group>";
		};
		433C60291E361575005363E9 /* WeatherUsingJSONAPI */ = {
			isa = PBXGroup;
			children = (
				433C602A1E361575005363E9 /* AppDelegate.swift */,
				433C602C1E361575005363E9 /* ViewController.swift */,
				433C602E1E361575005363E9 /* Main.storyboard */,
				433C60311E361575005363E9 /* Assets.xcassets */,
				433C60331E361575005363E9 /* LaunchScreen.storyboard */,
				433C60361E361575005363E9 /* Info.plist */,
			);
			path = WeatherUsingJSONAPI;
			sourceTree = "<group>";
		};
/* End PBXGroup section */

/* Begin PBXNativeTarget section */
		433C60261E361575005363E9 /* WeatherUsingJSONAPI */ = {
			isa = PBXNativeTarget;
			buildConfigurationList = 433C60391E361575005363E9 /* Build configuration list for PBXNativeTarget "WeatherUsingJSONAPI" */;
			buildPhases = (
				433C60231E361575005363E9 /* Sources */,
				433C60241E361575005363E9 /* Frameworks */,
				433C60251E361575005363E9 /* Resources */,
			);
			buildRules = (
			);
			dependencies = (
			);
			name = WeatherUsingJSONAPI;
			productName = WeatherUsingJSONAPI;
			productReference = 433C60271E361575005363E9 /* WeatherUsingJSONAPI.app */;
			productType = "com.apple.product-type.application";
		};
/* End PBXNativeTarget section */

/* Begin PBXProject section */
		433C601F1E361575005363E9 /* Project object */ = {
			isa = PBXProject;
			attributes = {
				LastSwiftUpdateCheck = 0820;
				LastUpgradeCheck = 0820;
				ORGANIZATIONNAME = tauk;
				TargetAttributes = {
					433C60261E361575005363E9 = {
						CreatedOnToolsVersion = 8.2.1;
						DevelopmentTeam = QAF8T6Z2WK;
						ProvisioningStyle = Automatic;
					};
				};
			};
			buildConfigurationList = 433C60221E361575005363E9 /* Build configuration list for PBXProject "WeatherUsingJSONAPI" */;
			compatibilityVersion = "Xcode 3.2";
			developmentRegion = English;
			hasScannedForEncodings = 0;
			knownRegions = (
				en,
				Base,
			);
			mainGroup = 433C601E1E361575005363E9;
			productRefGroup = 433C60281E361575005363E9 /* Products */;
			projectDirPath = "";
			projectRoot = "";
			targets = (
				433C60261E361575005363E9 /* WeatherUsingJSONAPI */,
			);
		};
/* End PBXProject section */

/* Begin PBXResourcesBuildPhase section */
		433C60251E361575005363E9 /* Resources */ = {
			isa = PBXResourcesBuildPhase;
			buildActionMask = 2147483647;
			files = (
				433C60351E361575005363E9 /* LaunchScreen.storyboard in Resources */,
				433C60321E361575005363E9 /* Assets.xcassets in Resources */,
				433C60301E361575005363E9 /* Main.storyboard in Resources */,
			);
			runOnlyForDeploymentPostprocessing = 0;
		};
/* End PBXResourcesBuildPhase section */

/* Begin PBXSourcesBuildPhase section */
		433C60231E361575005363E9 /* Sources */ = {
			isa = PBXSourcesBuildPhase;
			buildActionMask = 2147483647;
			files = (
				433C602D1E361575005363E9 /* ViewController.swift in Sources */,
				433C602B1E361575005363E9 /* AppDelegate.swift in Sources */,
			);
			runOnlyForDeploymentPostprocessing = 0;
		};
/* End PBXSourcesBuildPhase section */

/* Begin PBXVariantGroup section */
		433C602E1E361575005363E9 /* Main.storyboard */ = {
			isa = PBXVariantGroup;
			children = (
				433C602F1E361575005363E9 /* Base */,
			);
			name = Main.storyboard;
			sourceTree = "<group>";
		};
		433C60331E361575005363E9 /* LaunchScreen.storyboard */ = {
			isa = PBXVariantGroup;
			children = (
				433C60341E361575005363E9 /* Base */,
			);
			name = LaunchScreen.storyboard;
			sourceTree = "<group>";
		};
/* End PBXVariantGroup section */

/* Begin XCBuildConfiguration section */
		433C60371E361575005363E9 /* Debug */ = {
			isa = XCBuildConfiguration;
			buildSettings = {
				ALWAYS_SEARCH_USER_PATHS = NO;
				CLANG_ANALYZER_NONNULL = YES;
				CLANG_CXX_LANGUAGE_STANDARD = "gnu++0x";
				CLANG_CXX_LIBRARY = "libc++";
				CLANG_ENABLE_MODULES = YES;
				CLANG_ENABLE_OBJC_ARC = YES;
				CLANG_WARN_BOOL_CONVERSION = YES;
				CLANG_WARN_CONSTANT_CONVERSION = YES;
				CLANG_WARN_DIRECT_OBJC_ISA_USAGE = YES_ERROR;
				CLANG_WARN_DOCUMENTATION_COMMENTS = YES;
				CLANG_WARN_EMPTY_BODY = YES;
				CLANG_WARN_ENUM_CONVERSION = YES;
				CLANG_WARN_INFINITE_RECURSION = YES;
				CLANG_WARN_INT_CONVERSION = YES;
				CLANG_WARN_OBJC_ROOT_CLASS = YES_ERROR;
				CLANG_WARN_SUSPICIOUS_MOVE = YES;
				CLANG_WARN_UNREACHABLE_CODE = YES;
				CLANG_WARN__DUPLICATE_METHOD_MATCH = YES;
				"CODE_SIGN_IDENTITY[sdk=iphoneos*]" = "iPhone Developer";
				COPY_PHASE_STRIP = NO;
				DEBUG_INFORMATION_FORMAT = dwarf;
				ENABLE_STRICT_OBJC_MSGSEND = YES;
				ENABLE_TESTABILITY = YES;
				GCC_C_LANGUAGE_STANDARD = gnu99;
				GCC_DYNAMIC_NO_PIC = NO;
				GCC_NO_COMMON_BLOCKS = YES;
				GCC_OPTIMIZATION_LEVEL = 0;
				GCC_PREPROCESSOR_DEFINITIONS = (
					"DEBUG=1",
					"$(inherited)",
				);
				GCC_WARN_64_TO_32_BIT_CONVERSION = YES;
				GCC_WARN_ABOUT_RETURN_TYPE = YES_ERROR;
				GCC_WARN_UNDECLARED_SELECTOR = YES;
				GCC_WARN_UNINITIALIZED_AUTOS = YES_AGGRESSIVE;
				GCC_WARN_UNUSED_FUNCTION = YES;
				GCC_WARN_UNUSED_VARIABLE = YES;
				IPHONEOS_DEPLOYMENT_TARGET = 10.2;
				MTL_ENABLE_DEBUG_INFO = YES;
				ONLY_ACTIVE_ARCH = YES;
				SDKROOT = iphoneos;
				SWIFT_ACTIVE_COMPILATION_CONDITIONS = DEBUG;
				SWIFT_OPTIMIZATION_LEVEL = "-Onone";
			};
			name = Debug;
		};
		433C60381E361575005363E9 /* Release */ = {
			isa = XCBuildConfiguration;
			buildSettings = {
				ALWAYS_SEARCH_USER_PATHS = NO;
				CLANG_ANALYZER_NONNULL = YES;
				CLANG_CXX_LANGUAGE_STANDARD = "gnu++0x";
				CLANG_CXX_LIBRARY = "libc++";
				CLANG_ENABLE_MODULES = YES;
				CLANG_ENABLE_OBJC_ARC = YES;
				CLANG_WARN_BOOL_CONVERSION = YES;
				CLANG_WARN_CONSTANT_CONVERSION = YES;
				CLANG_WARN_DIRECT_OBJC_ISA_USAGE = YES_ERROR;
				CLANG_WARN_DOCUMENTATION_COMMENTS = YES;
				CLANG_WARN_EMPTY_BODY = YES;
				CLANG_WARN_ENUM_CONVERSION = YES;
				CLANG_WARN_INFINITE_RECURSION = YES;
				CLANG_WARN_INT_CONVERSION = YES;
				CLANG_WARN_OBJC_ROOT_CLASS = YES_ERROR;
				CLANG_WARN_SUSPICIOUS_MOVE = YES;
				CLANG_WARN_UNREACHABLE_CODE = YES;
				CLANG_WARN__DUPLICATE_METHOD_MATCH = YES;
				"CODE_SIGN_IDENTITY[sdk=iphoneos*]" = "iPhone Developer";
				COPY_PHASE_STRIP = NO;
				DEBUG_INFORMATION_FORMAT = "dwarf-with-dsym";
				ENABLE_NS_ASSERTIONS = NO;
				ENABLE_STRICT_OBJC_MSGSEND = YES;
				GCC_C_LANGUAGE_STANDARD = gnu99;
				GCC_NO_COMMON_BLOCKS = YES;
				GCC_WARN_64_TO_32_BIT_CONVERSION = YES;
				GCC_WARN_ABOUT_RETURN_TYPE = YES_ERROR;
				GCC_WARN_UNDECLARED_SELECTOR = YES;
				GCC_WARN_UNINITIALIZED_AUTOS = YES_AGGRESSIVE;
				GCC_WARN_UNUSED_FUNCTION = YES;
				GCC_WARN_UNUSED_VARIABLE = YES;
				IPHONEOS_DEPLOYMENT_TARGET = 10.2;
				MTL_ENABLE_DEBUG_INFO = NO;
				SDKROOT = iphoneos;
				SWIFT_OPTIMIZATION_LEVEL = "-Owholemodule";
				VALIDATE_PRODUCT = YES;
			};
			name = Release;
		};
		433C603A1E361575005363E9 /* Debug */ = {
			isa = XCBuildConfiguration;
			buildSettings = {
				ASSETCATALOG_COMPILER_APPICON_NAME = AppIcon;
				DEVELOPMENT_TEAM = QAF8T6Z2WK;
				INFOPLIST_FILE = WeatherUsingJSONAPI/Info.plist;
				LD_RUNPATH_SEARCH_PATHS = "$(inherited) @executable_path/Frameworks";
				PRODUCT_BUNDLE_IDENTIFIER = com.github.tauk.WeatherUsingJSONAPI;
				PRODUCT_NAME = "$(TARGET_NAME)";
				SWIFT_VERSION = 3.0;
			};
			name = Debug;
		};
		433C603B1E361575005363E9 /* Release */ = {
			isa = XCBuildConfiguration;
			buildSettings = {
				ASSETCATALOG_COMPILER_APPICON_NAME = AppIcon;
				DEVELOPMENT_TEAM = QAF8T6Z2WK;
				INFOPLIST_FILE = WeatherUsingJSONAPI/Info.plist;
				LD_RUNPATH_SEARCH_PATHS = "$(inherited) @executable_path/Frameworks";
				PRODUCT_BUNDLE_IDENTIFIER = com.github.tauk.WeatherUsingJSONAPI;
				PRODUCT_NAME = "$(TARGET_NAME)";
				SWIFT_VERSION = 3.0;
			};
			name = Release;
		};
/* End XCBuildConfiguration section */

/* Begin XCConfigurationList section */
		433C60221E361575005363E9 /* Build configuration list for PBXProject "WeatherUsingJSONAPI" */ = {
			isa = XCConfigurationList;
			buildConfigurations = (
				433C60371E361575005363E9 /* Debug */,
				433C60381E361575005363E9 /* Release */,
			);
			defaultConfigurationIsVisible = 0;
			defaultConfigurationName = Release;
		};
		433C60391E361575005363E9 /* Build configuration list for PBXNativeTarget "WeatherUsingJSONAPI" */ = {
			isa = XCConfigurationList;
			buildConfigurations = (
				433C603A1E361575005363E9 /* Debug */,
				433C603B1E361575005363E9 /* Release */,
			);
			defaultConfigurationIsVisible = 0;
		};
/* End XCConfigurationList section */
	};
	rootObject = 433C601F1E361575005363E9 /* Project object */;
}
